
Microsoft Visual Studio Solution File, Format Version 12.00
# Visual Studio Version 17
VisualStudioVersion = 17.8.34511.84
MinimumVisualStudioVersion = 10.0.40219.1
Project("{9A19103F-16F7-4668-BE54-9A1E7A4F7556}") = "PlayingCards.Durak", "PlayingCards.Durak\PlayingCards.Durak.csproj", "{40F9E68E-4668-44C5-9CBD-968959E111DD}"
EndProject
Project("{9A19103F-16F7-4668-BE54-9A1E7A4F7556}") = "PlayingCards.Durak.Tests", "PlayingCards.Durak.Tests\PlayingCards.Durak.Tests.csproj", "{91EDEA7A-80A2-4726-8840-0AA10DFC1CB1}"
EndProject
Project("{FAE04EC0-301F-11D3-BF4B-00C04F79EFBC}") = "PlayingCards.Durak.Web", "PlayingCards.Durak.Web\PlayingCards.Durak.Web.csproj", "{DE4D525B-3331-43A1-98A4-401E92EF7650}"
EndProject
Project("{2150E333-8FDC-42A3-9474-1A3956D46DE8}") = "Solution Items", "Solution Items", "{07B5FBB4-F205-436E-9B4D-2F0D1AAD315B}"
	ProjectSection(SolutionItems) = preProject
		.editorconfig = .editorconfig
		worklog.txt = worklog.txt
	EndProjectSection
EndProject
Global
	GlobalSection(SolutionConfigurationPlatforms) = preSolution
		Debug|Any CPU = Debug|Any CPU
		Release|Any CPU = Release|Any CPU
	EndGlobalSection
	GlobalSection(ProjectConfigurationPlatforms) = postSolution
		{40F9E68E-4668-44C5-9CBD-968959E111DD}.Debug|Any CPU.ActiveCfg = Debug|Any CPU
		{40F9E68E-4668-44C5-9CBD-968959E111DD}.Debug|Any CPU.Build.0 = Debug|Any CPU
		{40F9E68E-4668-44C5-9CBD-968959E111DD}.Release|Any CPU.ActiveCfg = Release|Any CPU
		{40F9E68E-4668-44C5-9CBD-968959E111DD}.Release|Any CPU.Build.0 = Release|Any CPU
		{91EDEA7A-80A2-4726-8840-0AA10DFC1CB1}.Debug|Any CPU.ActiveCfg = Debug|Any CPU
		{91EDEA7A-80A2-4726-8840-0AA10DFC1CB1}.Debug|Any CPU.Build.0 = Debug|Any CPU
		{91EDEA7A-80A2-4726-8840-0AA10DFC1CB1}.Release|Any CPU.ActiveCfg = Release|Any CPU
		{91EDEA7A-80A2-4726-8840-0AA10DFC1CB1}.Release|Any CPU.Build.0 = Release|Any CPU
		{DE4D525B-3331-43A1-98A4-401E92EF7650}.Debug|Any CPU.ActiveCfg = Debug|Any CPU
		{DE4D525B-3331-43A1-98A4-401E92EF7650}.Debug|Any CPU.Build.0 = Debug|Any CPU
		{DE4D525B-3331-43A1-98A4-401E92EF7650}.Release|Any CPU.ActiveCfg = Release|Any CPU
		{DE4D525B-3331-43A1-98A4-401E92EF7650}.Release|Any CPU.Build.0 = Release|Any CPU
	EndGlobalSection
	GlobalSection(SolutionProperties) = preSolution
		HideSolutionNode = FALSE
	EndGlobalSection
	GlobalSection(ExtensibilityGlobals) = postSolution
		SolutionGuid = {9456AAD3-2328-4209-B9F1-6C199A2F7168}
	EndGlobalSection
EndGlobal
