{
  "version": 2,
  "dependencies": {
    "net10.0": {
      "Microsoft.AspNetCore.App.Internal.Assets": {
        "type": "Direct",
        "requested": "[10.0.9, )",
        "resolved": "10.0.9",
        "contentHash": "E9Wp/LPKAYkGOVBv4lt5U5TnUA/7pov7QZAwF3eI64kK8AAXqkPDwuadEOwpL1WXEfgecYm0fccluvABp32D8g=="
      },
      "NLog": {
        "type": "Direct",
        "requested": "[5.3.2, )",
        "resolved": "5.3.2",
        "contentHash": "cQRQZuDMjSyMe9EQBnI9v55YAMMz8GAfFd6fFJ6tc/kXnG7Hze8p1I8MgvWSBG6E36wA8vSxRrlm8uSIG+SENg=="
      },
      "NLog.Web.AspNetCore": {
        "type": "Direct",
        "requested": "[5.3.11, )",
        "resolved": "5.3.11",
        "contentHash": "yGVMYeeMh1v/DZELN8XMEZYg27/w7O0ypcwaD1+cHLf4yI8zZOM0xS57a8gCBV4QCXegN15Upld+9YzS5M1VvA==",
        "dependencies": {
          "NLog.Extensions.Logging": "5.3.11"
        }
      },
      "playingcards.durak": {
        "type": "Project"
      },
      "playingcards.durak.server": {
        "type": "Project",
        "dependencies": {
          "NLog": "[5.3.2, )",
          "PlayingCards.Durak": "[1.0.0, )"
        }
      },
      "NLog.Extensions.Logging": {
        "type": "CentralTransitive",
        "requested": "[5.3.11, )",
        "resolved": "5.3.11",
        "contentHash": "C3Rg6jmOkM7fNBX9jAoVlYzOwsrxdQzl9sYDK1EpRc7RCdjgs8FC9ivJCSsCu/m4l0w83xiTNz7Y1CzmD3BwZg==",
        "dependencies": {
          "NLog": "5.3.2"
        }
      }
    }
  }
}